
Microsoft Visual Studio Solution File, Format Version 12.00
# Visual Studio 15
VisualStudioVersion = 15.0.27703.2035
MinimumVisualStudioVersion = 10.0.40219.1
Project("{8BC9CEB8-8B4A-11D0-8D11-00A0C91BC942}") = "MassiveDiss", "MassiveDiss\MassiveDiss.vcxproj", "{F200F48B-6273-499D-8EC6-DB0F44F326EA}"
EndProject
Global
	GlobalSection(SolutionConfigurationPlatforms) = preSolution
		Debug|x64 = Debug|x64
		Debug|x86 = Debug|x86
		Release|x64 = Release|x64
		Release|x86 = Release|x86
	EndGlobalSection
	GlobalSection(ProjectConfigurationPlatforms) = postSolution
		{F200F48B-6273-499D-8EC6-DB0F44F326EA}.Debug|x64.ActiveCfg = Debug|x64
		{F200F48B-6273-499D-8EC6-DB0F44F326EA}.Debug|x64.Build.0 = Debug|x64
		{F200F48B-6273-499D-8EC6-DB0F44F326EA}.Debug|x86.ActiveCfg = Debug|Win32
		{F200F48B-6273-499D-8EC6-DB0F44F326EA}.Debug|x86.Build.0 = Debug|Win32
		{F200F48B-6273-499D-8EC6-DB0F44F326EA}.Release|x64.ActiveCfg = Release|x64
		{F200F48B-6273-499D-8EC6-DB0F44F326EA}.Release|x64.Build.0 = Release|x64
		{F200F48B-6273-499D-8EC6-DB0F44F326EA}.Release|x86.ActiveCfg = Release|Win32
		{F200F48B-6273-499D-8EC6-DB0F44F326EA}.Release|x86.Build.0 = Release|Win32
	EndGlobalSection
	GlobalSection(SolutionProperties) = preSolution
		HideSolutionNode = FALSE
	EndGlobalSection
	GlobalSection(ExtensibilityGlobals) = postSolution
		SolutionGuid = {5069805B-C7F6-478E-9E8D-82730011A78D}
	EndGlobalSection
EndGlobal
