<?xml version="1.0" encoding="UTF-8"?>
<Project ToolsVersion="15.0" xmlns="http://schemas.microsoft.com/developer/msbuild/2003">
  <ItemGroup>
    <ClCompile Include="D:\LeedsUni\School\Semester 2\M.Sc\MassiveDiss\MassiveDiss\lib\openvr\src\openvr_api_public.cpp">
      <Filter>Src</Filter>
    </ClCompile>
    <ClCompile Include="D:\LeedsUni\School\Semester 2\M.Sc\MassiveDiss\MassiveDiss\lib\openvr\src\jsoncpp.cpp">
      <Filter>Src</Filter>
    </ClCompile>
    <ClCompile Include="D:\LeedsUni\School\Semester 2\M.Sc\MassiveDiss\MassiveDiss\lib\openvr\src\vrcommon\dirtools_public.cpp">
      <Filter>VRCommon</Filter>
    </ClCompile>
    <ClCompile Include="D:\LeedsUni\School\Semester 2\M.Sc\MassiveDiss\MassiveDiss\lib\openvr\src\vrcommon\envvartools_public.cpp">
      <Filter>VRCommon</Filter>
    </ClCompile>
    <ClCompile Include="D:\LeedsUni\School\Semester 2\M.Sc\MassiveDiss\MassiveDiss\lib\openvr\src\vrcommon\pathtools_public.cpp">
      <Filter>VRCommon</Filter>
    </ClCompile>
    <ClCompile Include="D:\LeedsUni\School\Semester 2\M.Sc\MassiveDiss\MassiveDiss\lib\openvr\src\vrcommon\sharedlibtools_public.cpp">
      <Filter>VRCommon</Filter>
    </ClCompile>
    <ClCompile Include="D:\LeedsUni\School\Semester 2\M.Sc\MassiveDiss\MassiveDiss\lib\openvr\src\vrcommon\hmderrors_public.cpp">
      <Filter>VRCommon</Filter>
    </ClCompile>
    <ClCompile Include="D:\LeedsUni\School\Semester 2\M.Sc\MassiveDiss\MassiveDiss\lib\openvr\src\vrcommon\vrpathregistry_public.cpp">
      <Filter>VRCommon</Filter>
    </ClCompile>
    <ClCompile Include="D:\LeedsUni\School\Semester 2\M.Sc\MassiveDiss\MassiveDiss\lib\openvr\src\vrcommon\strtools_public.cpp">
      <Filter>VRCommon</Filter>
    </ClCompile>
  </ItemGroup>
  <ItemGroup>
    <CustomBuild Include="D:\LeedsUni\School\Semester 2\M.Sc\MassiveDiss\MassiveDiss\lib\openvr\src\CMakeLists.txt" />
  </ItemGroup>
  <ItemGroup>
    <Filter Include="Src">
      <UniqueIdentifier>{7E1D23A6-A55F-3E6C-957B-900F85C345DF}</UniqueIdentifier>
    </Filter>
    <Filter Include="VRCommon">
      <UniqueIdentifier>{70A160EF-12FB-37A7-853C-3A2FCBD3263C}</UniqueIdentifier>
    </Filter>
  </ItemGroup>
</Project>
